
Microsoft Visual Studio Solution File, Format Version 12.00
# Visual Studio Version 17
VisualStudioVersion = 17.13.35818.85 d17.13
MinimumVisualStudioVersion = 10.0.40219.1
Project("{FAE04EC0-301F-11D3-BF4B-00C04F79EFBC}") = "ex4GUI", "ex4GUI\ex4GUI.csproj", "{A35033AF-14CB-46B7-AB77-BEB76317E94B}"
EndProject
Project("{FAE04EC0-301F-11D3-BF4B-00C04F79EFBC}") = "ex4DAO", "ex4DAO\ex4DAO.csproj", "{87EA6E91-D8A3-4FA0-B71E-1A577C7C3879}"
EndProject
Project("{FAE04EC0-301F-11D3-BF4B-00C04F79EFBC}") = "ex4DTO", "ex4DTO\ex4DTO.csproj", "{8349D36A-CE73-4C44-B887-3FF2E19B9321}"
EndProject
Project("{FAE04EC0-301F-11D3-BF4B-00C04F79EFBC}") = "ex4BUS", "ex4BUS\ex4BUS.csproj", "{1A0E73F6-C394-4537-8676-03F1EAEF4ED5}"
EndProject
Global
	GlobalSection(SolutionConfigurationPlatforms) = preSolution
		Debug|Any CPU = Debug|Any CPU
		Release|Any CPU = Release|Any CPU
	EndGlobalSection
	GlobalSection(ProjectConfigurationPlatforms) = postSolution
		{A35033AF-14CB-46B7-AB77-BEB76317E94B}.Debug|Any CPU.ActiveCfg = Debug|Any CPU
		{A35033AF-14CB-46B7-AB77-BEB76317E94B}.Debug|Any CPU.Build.0 = Debug|Any CPU
		{A35033AF-14CB-46B7-AB77-BEB76317E94B}.Release|Any CPU.ActiveCfg = Release|Any CPU
		{A35033AF-14CB-46B7-AB77-BEB76317E94B}.Release|Any CPU.Build.0 = Release|Any CPU
		{87EA6E91-D8A3-4FA0-B71E-1A577C7C3879}.Debug|Any CPU.ActiveCfg = Debug|Any CPU
		{87EA6E91-D8A3-4FA0-B71E-1A577C7C3879}.Debug|Any CPU.Build.0 = Debug|Any CPU
		{87EA6E91-D8A3-4FA0-B71E-1A577C7C3879}.Release|Any CPU.ActiveCfg = Release|Any CPU
		{87EA6E91-D8A3-4FA0-B71E-1A577C7C3879}.Release|Any CPU.Build.0 = Release|Any CPU
		{8349D36A-CE73-4C44-B887-3FF2E19B9321}.Debug|Any CPU.ActiveCfg = Debug|Any CPU
		{8349D36A-CE73-4C44-B887-3FF2E19B9321}.Debug|Any CPU.Build.0 = Debug|Any CPU
		{8349D36A-CE73-4C44-B887-3FF2E19B9321}.Release|Any CPU.ActiveCfg = Release|Any CPU
		{8349D36A-CE73-4C44-B887-3FF2E19B9321}.Release|Any CPU.Build.0 = Release|Any CPU
		{1A0E73F6-C394-4537-8676-03F1EAEF4ED5}.Debug|Any CPU.ActiveCfg = Debug|Any CPU
		{1A0E73F6-C394-4537-8676-03F1EAEF4ED5}.Debug|Any CPU.Build.0 = Debug|Any CPU
		{1A0E73F6-C394-4537-8676-03F1EAEF4ED5}.Release|Any CPU.ActiveCfg = Release|Any CPU
		{1A0E73F6-C394-4537-8676-03F1EAEF4ED5}.Release|Any CPU.Build.0 = Release|Any CPU
	EndGlobalSection
	GlobalSection(SolutionProperties) = preSolution
		HideSolutionNode = FALSE
	EndGlobalSection
	GlobalSection(ExtensibilityGlobals) = postSolution
		SolutionGuid = {D6420A23-D274-4B5A-9457-17702FF8BFAC}
	EndGlobalSection
EndGlobal
